
Microsoft Visual Studio Solution File, Format Version 12.00
# Visual Studio Version 17
VisualStudioVersion = 17.8.34511.84
MinimumVisualStudioVersion = 10.0.40219.1
Project("{8BC9CEB8-8B4A-11D0-8D11-00A0C91BC942}") = "AskMe", "AskMe\AskMe.vcxproj", "{C1F97481-10CB-4174-86DF-31AF97D1D70B}"
EndProject
Global
	GlobalSection(SolutionConfigurationPlatforms) = preSolution
		Debug|x64 = Debug|x64
		Debug|x86 = Debug|x86
		Release|x64 = Release|x64
		Release|x86 = Release|x86
	EndGlobalSection
	GlobalSection(ProjectConfigurationPlatforms) = postSolution
		{C1F97481-10CB-4174-86DF-31AF97D1D70B}.Debug|x64.ActiveCfg = Debug|x64
		{C1F97481-10CB-4174-86DF-31AF97D1D70B}.Debug|x64.Build.0 = Debug|x64
		{C1F97481-10CB-4174-86DF-31AF97D1D70B}.Debug|x86.ActiveCfg = Debug|Win32
		{C1F97481-10CB-4174-86DF-31AF97D1D70B}.Debug|x86.Build.0 = Debug|Win32
		{C1F97481-10CB-4174-86DF-31AF97D1D70B}.Release|x64.ActiveCfg = Release|x64
		{C1F97481-10CB-4174-86DF-31AF97D1D70B}.Release|x64.Build.0 = Release|x64
		{C1F97481-10CB-4174-86DF-31AF97D1D70B}.Release|x86.ActiveCfg = Release|Win32
		{C1F97481-10CB-4174-86DF-31AF97D1D70B}.Release|x86.Build.0 = Release|Win32
	EndGlobalSection
	GlobalSection(SolutionProperties) = preSolution
		HideSolutionNode = FALSE
	EndGlobalSection
	GlobalSection(ExtensibilityGlobals) = postSolution
		SolutionGuid = {E0C38F48-7964-4B4E-8496-FEA25FB5EC64}
	EndGlobalSection
EndGlobal
